
Microsoft Visual Studio Solution File, Format Version 12.00
# Visual Studio Version 16
VisualStudioVersion = 16.0.29123.88
MinimumVisualStudioVersion = 10.0.40219.1
Project("{FAE04EC0-301F-11D3-BF4B-00C04F79EFBC}") = "HunterW_BugTracker", "HunterW_BugTracker\HunterW_BugTracker.csproj", "{0A8A8E5B-BD47-4279-B7A1-D58BA1DDFD71}"
EndProject
Global
	GlobalSection(SolutionConfigurationPlatforms) = preSolution
		Debug|Any CPU = Debug|Any CPU
		Release|Any CPU = Release|Any CPU
	EndGlobalSection
	GlobalSection(ProjectConfigurationPlatforms) = postSolution
		{0A8A8E5B-BD47-4279-B7A1-D58BA1DDFD71}.Debug|Any CPU.ActiveCfg = Debug|Any CPU
		{0A8A8E5B-BD47-4279-B7A1-D58BA1DDFD71}.Debug|Any CPU.Build.0 = Debug|Any CPU
		{0A8A8E5B-BD47-4279-B7A1-D58BA1DDFD71}.Release|Any CPU.ActiveCfg = Release|Any CPU
		{0A8A8E5B-BD47-4279-B7A1-D58BA1DDFD71}.Release|Any CPU.Build.0 = Release|Any CPU
	EndGlobalSection
	GlobalSection(SolutionProperties) = preSolution
		HideSolutionNode = FALSE
	EndGlobalSection
	GlobalSection(ExtensibilityGlobals) = postSolution
		SolutionGuid = {F274CC36-8F63-4C04-A541-A995800D89AD}
	EndGlobalSection
EndGlobal
